
Microsoft Visual Studio Solution File, Format Version 12.00
Project("{FAE04EC0-301F-11D3-BF4B-00C04F79EFBC}") = "Banking_Kata", "Banking_Kata\Banking_Kata.csproj", "{5EA19D50-EA8C-4193-BA24-E1D04A6B65A6}"
EndProject
Project("{FAE04EC0-301F-11D3-BF4B-00C04F79EFBC}") = "Banking_Kata_Test", "Banking_Kata_Test\Banking_Kata_Test.csproj", "{8ACD2469-32C3-4366-93BC-9D7F980C418C}"
EndProject
Global
	GlobalSection(SolutionConfigurationPlatforms) = preSolution
		Debug|Any CPU = Debug|Any CPU
		Release|Any CPU = Release|Any CPU
	EndGlobalSection
	GlobalSection(ProjectConfigurationPlatforms) = postSolution
		{5EA19D50-EA8C-4193-BA24-E1D04A6B65A6}.Debug|Any CPU.ActiveCfg = Debug|Any CPU
		{5EA19D50-EA8C-4193-BA24-E1D04A6B65A6}.Debug|Any CPU.Build.0 = Debug|Any CPU
		{5EA19D50-EA8C-4193-BA24-E1D04A6B65A6}.Release|Any CPU.ActiveCfg = Release|Any CPU
		{5EA19D50-EA8C-4193-BA24-E1D04A6B65A6}.Release|Any CPU.Build.0 = Release|Any CPU
		{8ACD2469-32C3-4366-93BC-9D7F980C418C}.Debug|Any CPU.ActiveCfg = Debug|Any CPU
		{8ACD2469-32C3-4366-93BC-9D7F980C418C}.Debug|Any CPU.Build.0 = Debug|Any CPU
		{8ACD2469-32C3-4366-93BC-9D7F980C418C}.Release|Any CPU.ActiveCfg = Release|Any CPU
		{8ACD2469-32C3-4366-93BC-9D7F980C418C}.Release|Any CPU.Build.0 = Release|Any CPU
	EndGlobalSection
EndGlobal
